// !$*UTF8*$!
{
	archiveVersion = 1;
	classes = {
	};
	objectVersion = 46;
	objects = {

/* Begin PBXBuildFile section */
		BF41A32D1EA56AAF00649564 /* AppDelegate.swift in Sources */ = {isa = PBXBuildFile; fileRef = BF41A32C1EA56AAF00649564 /* AppDelegate.swift */; };
		BF41A32F1EA56AAF00649564 /* ViewController.swift in Sources */ = {isa = PBXBuildFile; fileRef = BF41A32E1EA56AAF00649564 /* ViewController.swift */; };
		BF41A3321EA56AAF00649564 /* Main.storyboard in Resources */ = {isa = PBXBuildFile; fileRef = BF41A3301EA56AAF00649564 /* Main.storyboard */; };
		BF41A3341EA56AAF00649564 /* Assets.xcassets in Resources */ = {isa = PBXBuildFile; fileRef = BF41A3331EA56AAF00649564 /* Assets.xcassets */; };
		BF41A3371EA56AAF00649564 /* LaunchScreen.storyboard in Resources */ = {isa = PBXBuildFile; fileRef = BF41A3351EA56AAF00649564 /* LaunchScreen.storyboard */; };
/* End PBXBuildFile section */

/* Begin PBXFileReference section */
		BF41A3291EA56AAF00649564 /* WikiRoses.app */ = {isa = PBXFileReference; explicitFileType = wrapper.application; includeInIndex = 0; path = WikiRoses.app; sourceTree = BUILT_PRODUCTS_DIR; };
		BF41A32C1EA56AAF00649564 /* AppDelegate.swift */ = {isa = PBXFileReference; lastKnownFileType = sourcecode.swift; path = AppDelegate.swift; sourceTree = "<group>"; };
		BF41A32E1EA56AAF00649564 /* ViewController.swift */ = {isa = PBXFileReference; lastKnownFileType = sourcecode.swift; path = ViewController.swift; sourceTree = "<group>"; };
		BF41A3311EA56AAF00649564 /* Base */ = {isa = PBXFileReference; lastKnownFileType = file.storyboard; name = Base; path = Base.lproj/Main.storyboard; sourceTree = "<group>"; };
		BF41A3331EA56AAF00649564 /* Assets.xcassets */ = {isa = PBXFileReference; lastKnownFileType = folder.assetcatalog; path = Assets.xcassets; sourceTree = "<group>"; };
		BF41A3361EA56AAF00649564 /* Base */ = {isa = PBXFileReference; lastKnownFileType = file.storyboard; name = Base; path = Base.lproj/LaunchScreen.storyboard; sourceTree = "<group>"; };
		BF41A3381EA56AAF00649564 /* Info.plist */ = {isa = PBXFileReference; lastKnownFileType = text.plist.xml; path = Info.plist; sourceTree = "<group>"; };
/* End PBXFileReference section */

/* Begin PBXFrameworksBuildPhase section */
		BF41A3261EA56AAE00649564 /* Frameworks */ = {
			isa = PBXFrameworksBuildPhase;
			buildActionMask = 2147483647;
			files = (
			);
			runOnlyForDeploymentPostprocessing = 0;
		};
/* End PBXFrameworksBuildPhase section */

/* Begin PBXGroup section */
		BF41A3201EA56AAE00649564 = {
			isa = PBXGroup;
			children = (
				BF41A32B1EA56AAF00649564 /* WikiRoses */,
				BF41A32A1EA56AAF00649564 /* Products */,
			);
			sourceTree = "<group>";
		};
		BF41A32A1EA56AAF00649564 /* Products */ = {
			isa = PBXGroup;
			children = (
				BF41A3291EA56AAF00649564 /* WikiRoses.app */,
			);
			name = Products;
			sourceTree = "<group>";
		};
		BF41A32B1EA56AAF00649564 /* WikiRoses */ = {
			isa = PBXGroup;
			children = (
				BF41A32C1EA56AAF00649564 /* AppDelegate.swift */,
				BF41A32E1EA56AAF00649564 /* ViewController.swift */,
				BF41A3301EA56AAF00649564 /* Main.storyboard */,
				BF41A3331EA56AAF00649564 /* Assets.xcassets */,
				BF41A3351EA56AAF00649564 /* LaunchScreen.storyboard */,
				BF41A3381EA56AAF00649564 /* Info.plist */,
			);
			path = WikiRoses;
			sourceTree = "<group>";
		};
/* End PBXGroup section */

/* Begin PBXNativeTarget section */
		BF41A3281EA56AAE00649564 /* WikiRoses */ = {
			isa = PBXNativeTarget;
			buildConfigurationList = BF41A33B1EA56AAF00649564 /* Build configuration list for PBXNativeTarget "WikiRoses" */;
			buildPhases = (
				BF41A3251EA56AAE00649564 /* Sources */,
				BF41A3261EA56AAE00649564 /* Frameworks */,
				BF41A3271EA56AAE00649564 /* Resources */,
			);
			buildRules = (
			);
			dependencies = (
			);
			name = WikiRoses;
			productName = WikiRoses;
			productReference = BF41A3291EA56AAF00649564 /* WikiRoses.app */;
			productType = "com.apple.product-type.application";
		};
/* End PBXNativeTarget section */

/* Begin PBXProject section */
		BF41A3211EA56AAE00649564 /* Project object */ = {
			isa = PBXProject;
			attributes = {
				LastSwiftUpdateCheck = 0800;
				LastUpgradeCheck = 0800;
				ORGANIZATIONNAME = aerobace;
				TargetAttributes = {
					BF41A3281EA56AAE00649564 = {
						CreatedOnToolsVersion = 8.0;
						ProvisioningStyle = Automatic;
					};
				};
			};
			buildConfigurationList = BF41A3241EA56AAE00649564 /* Build configuration list for PBXProject "WikiRoses" */;
			compatibilityVersion = "Xcode 3.2";
			developmentRegion = English;
			hasScannedForEncodings = 0;
			knownRegions = (
				en,
				Base,
			);
			mainGroup = BF41A3201EA56AAE00649564;
			productRefGroup = BF41A32A1EA56AAF00649564 /* Products */;
			projectDirPath = "";
			projectRoot = "";
			targets = (
				BF41A3281EA56AAE00649564 /* WikiRoses */,
			);
		};
/* End PBXProject section */

/* Begin PBXResourcesBuildPhase section */
		BF41A3271EA56AAE00649564 /* Resources */ = {
			isa = PBXResourcesBuildPhase;
			buildActionMask = 2147483647;
			files = (
				BF41A3371EA56AAF00649564 /* LaunchScreen.storyboard in Resources */,
				BF41A3341EA56AAF00649564 /* Assets.xcassets in Resources */,
				BF41A3321EA56AAF00649564 /* Main.storyboard in Resources */,
			);
			runOnlyForDeploymentPostprocessing = 0;
		};
/* End PBXResourcesBuildPhase section */

/* Begin PBXSourcesBuildPhase section */
		BF41A3251EA56AAE00649564 /* Sources */ = {
			isa = PBXSourcesBuildPhase;
			buildActionMask = 2147483647;
			files = (
				BF41A32F1EA56AAF00649564 /* ViewController.swift in Sources */,
				BF41A32D1EA56AAF00649564 /* AppDelegate.swift in Sources */,
			);
			runOnlyForDeploymentPostprocessing = 0;
		};
/* End PBXSourcesBuildPhase section */

/* Begin PBXVariantGroup section */
		BF41A3301EA56AAF00649564 /* Main.storyboard */ = {
			isa = PBXVariantGroup;
			children = (
				BF41A3311EA56AAF00649564 /* Base */,
			);
			name = Main.storyboard;
			sourceTree = "<group>";
		};
		BF41A3351EA56AAF00649564 /* LaunchScreen.storyboard */ = {
			isa = PBXVariantGroup;
			children = (
				BF41A3361EA56AAF00649564 /* Base */,
			);
			name = LaunchScreen.storyboard;
			sourceTree = "<group>";
		};
/* End PBXVariantGroup section */

/* Begin XCBuildConfiguration section */
		BF41A3391EA56AAF00649564 /* Debug */ = {
			isa = XCBuildConfiguration;
			buildSettings = {
				ALWAYS_SEARCH_USER_PATHS = NO;
				CLANG_ANALYZER_NONNULL = YES;
				CLANG_CXX_LANGUAGE_STANDARD = "gnu++0x";
				CLANG_CXX_LIBRARY = "libc++";
				CLANG_ENABLE_MODULES = YES;
				CLANG_ENABLE_OBJC_ARC = YES;
				CLANG_WARN_BOOL_CONVERSION = YES;
				CLANG_WARN_CONSTANT_CONVERSION = YES;
				CLANG_WARN_DIRECT_OBJC_ISA_USAGE = YES_ERROR;
				CLANG_WARN_DOCUMENTATION_COMMENTS = YES;
				CLANG_WARN_EMPTY_BODY = YES;
				CLANG_WARN_ENUM_CONVERSION = YES;
				CLANG_WARN_INFINITE_RECURSION = YES;
				CLANG_WARN_INT_CONVERSION = YES;
				CLANG_WARN_OBJC_ROOT_CLASS = YES_ERROR;
				CLANG_WARN_SUSPICIOUS_MOVES = YES;
				CLANG_WARN_UNREACHABLE_CODE = YES;
				CLANG_WARN__DUPLICATE_METHOD_MATCH = YES;
				"CODE_SIGN_IDENTITY[sdk=iphoneos*]" = "iPhone Developer";
				COPY_PHASE_STRIP = NO;
				DEBUG_INFORMATION_FORMAT = dwarf;
				ENABLE_STRICT_OBJC_MSGSEND = YES;
				ENABLE_TESTABILITY = YES;
				GCC_C_LANGUAGE_STANDARD = gnu99;
				GCC_DYNAMIC_NO_PIC = NO;
				GCC_NO_COMMON_BLOCKS = YES;
				GCC_OPTIMIZATION_LEVEL = 0;
				GCC_PREPROCESSOR_DEFINITIONS = (
					"DEBUG=1",
					"$(inherited)",
				);
				GCC_WARN_64_TO_32_BIT_CONVERSION = YES;
				GCC_WARN_ABOUT_RETURN_TYPE = YES_ERROR;
				GCC_WARN_UNDECLARED_SELECTOR = YES;
				GCC_WARN_UNINITIALIZED_AUTOS = YES_AGGRESSIVE;
				GCC_WARN_UNUSED_FUNCTION = YES;
				GCC_WARN_UNUSED_VARIABLE = YES;
				IPHONEOS_DEPLOYMENT_TARGET = 10.0;
				MTL_ENABLE_DEBUG_INFO = YES;
				ONLY_ACTIVE_ARCH = YES;
				SDKROOT = iphoneos;
				SWIFT_ACTIVE_COMPILATION_CONDITIONS = DEBUG;
				SWIFT_OPTIMIZATION_LEVEL = "-Onone";
				TARGETED_DEVICE_FAMILY = 2;
			};
			name = Debug;
		};
		BF41A33A1EA56AAF00649564 /* Release */ = {
			isa = XCBuildConfiguration;
			buildSettings = {
				ALWAYS_SEARCH_USER_PATHS = NO;
				CLANG_ANALYZER_NONNULL = YES;
				CLANG_CXX_LANGUAGE_STANDARD = "gnu++0x";
				CLANG_CXX_LIBRARY = "libc++";
				CLANG_ENABLE_MODULES = YES;
				CLANG_ENABLE_OBJC_ARC = YES;
				CLANG_WARN_BOOL_CONVERSION = YES;
				CLANG_WARN_CONSTANT_CONVERSION = YES;
				CLANG_WARN_DIRECT_OBJC_ISA_USAGE = YES_ERROR;
				CLANG_WARN_DOCUMENTATION_COMMENTS = YES;
				CLANG_WARN_EMPTY_BODY = YES;
				CLANG_WARN_ENUM_CONVERSION = YES;
				CLANG_WARN_INFINITE_RECURSION = YES;
				CLANG_WARN_INT_CONVERSION = YES;
				CLANG_WARN_OBJC_ROOT_CLASS = YES_ERROR;
				CLANG_WARN_SUSPICIOUS_MOVES = YES;
				CLANG_WARN_UNREACHABLE_CODE = YES;
				CLANG_WARN__DUPLICATE_METHOD_MATCH = YES;
				"CODE_SIGN_IDENTITY[sdk=iphoneos*]" = "iPhone Developer";
				COPY_PHASE_STRIP = NO;
				DEBUG_INFORMATION_FORMAT = "dwarf-with-dsym";
				ENABLE_NS_ASSERTIONS = NO;
				ENABLE_STRICT_OBJC_MSGSEND = YES;
				GCC_C_LANGUAGE_STANDARD = gnu99;
				GCC_NO_COMMON_BLOCKS = YES;
				GCC_WARN_64_TO_32_BIT_CONVERSION = YES;
				GCC_WARN_ABOUT_RETURN_TYPE = YES_ERROR;
				GCC_WARN_UNDECLARED_SELECTOR = YES;
				GCC_WARN_UNINITIALIZED_AUTOS = YES_AGGRESSIVE;
				GCC_WARN_UNUSED_FUNCTION = YES;
				GCC_WARN_UNUSED_VARIABLE = YES;
				IPHONEOS_DEPLOYMENT_TARGET = 10.0;
				MTL_ENABLE_DEBUG_INFO = NO;
				SDKROOT = iphoneos;
				SWIFT_OPTIMIZATION_LEVEL = "-Owholemodule";
				TARGETED_DEVICE_FAMILY = 2;
				VALIDATE_PRODUCT = YES;
			};
			name = Release;
		};
		BF41A33C1EA56AAF00649564 /* Debug */ = {
			isa = XCBuildConfiguration;
			buildSettings = {
				ASSETCATALOG_COMPILER_APPICON_NAME = AppIcon;
				INFOPLIST_FILE = WikiRoses/Info.plist;
				LD_RUNPATH_SEARCH_PATHS = "$(inherited) @executable_path/Frameworks";
				PRODUCT_BUNDLE_IDENTIFIER = com.aerobace.WikiRoses;
				PRODUCT_NAME = "$(TARGET_NAME)";
				SWIFT_VERSION = 3.0;
			};
			name = Debug;
		};
		BF41A33D1EA56AAF00649564 /* Release */ = {
			isa = XCBuildConfiguration;
			buildSettings = {
				ASSETCATALOG_COMPILER_APPICON_NAME = AppIcon;
				INFOPLIST_FILE = WikiRoses/Info.plist;
				LD_RUNPATH_SEARCH_PATHS = "$(inherited) @executable_path/Frameworks";
				PRODUCT_BUNDLE_IDENTIFIER = com.aerobace.WikiRoses;
				PRODUCT_NAME = "$(TARGET_NAME)";
				SWIFT_VERSION = 3.0;
			};
			name = Release;
		};
/* End XCBuildConfiguration section */

/* Begin XCConfigurationList section */
		BF41A3241EA56AAE00649564 /* Build configuration list for PBXProject "WikiRoses" */ = {
			isa = XCConfigurationList;
			buildConfigurations = (
				BF41A3391EA56AAF00649564 /* Debug */,
				BF41A33A1EA56AAF00649564 /* Release */,
			);
			defaultConfigurationIsVisible = 0;
			defaultConfigurationName = Release;
		};
		BF41A33B1EA56AAF00649564 /* Build configuration list for PBXNativeTarget "WikiRoses" */ = {
			isa = XCConfigurationList;
			buildConfigurations = (
				BF41A33C1EA56AAF00649564 /* Debug */,
				BF41A33D1EA56AAF00649564 /* Release */,
			);
			defaultConfigurationIsVisible = 0;
		};
/* End XCConfigurationList section */
	};
	rootObject = BF41A3211EA56AAE00649564 /* Project object */;
}
